// !$*UTF8*$!
{
	archiveVersion = 1;
	classes = {
	};
	objectVersion = 56;
	objects = {

/* Begin PBXBuildFile section */
		DB44CE912C754F6900C7E0AC /* Exercise.swift in Sources */ = {isa = PBXBuildFile; fileRef = DB44CE902C754F6900C7E0AC /* Exercise.swift */; };
		DB44CE942C75537000C7E0AC /* Workout.swift in Sources */ = {isa = PBXBuildFile; fileRef = DB44CE932C75537000C7E0AC /* Workout.swift */; };
		DB44CE982C763A3B00C7E0AC /* Item.swift in Sources */ = {isa = PBXBuildFile; fileRef = DB44CE972C763A3B00C7E0AC /* Item.swift */; };
		DB44CE9A2C763BBE00C7E0AC /* StartPage.swift in Sources */ = {isa = PBXBuildFile; fileRef = DB44CE992C763BBE00C7E0AC /* StartPage.swift */; };
		DB44CE9C2C822AD700C7E0AC /* workoutsController.swift in Sources */ = {isa = PBXBuildFile; fileRef = DB44CE9B2C822AD700C7E0AC /* workoutsController.swift */; };
		DB44CEA12C89F95C00C7E0AC /* WorkoutDetail.swift in Sources */ = {isa = PBXBuildFile; fileRef = DB44CEA02C89F95C00C7E0AC /* WorkoutDetail.swift */; };
		DB9C25652C6E4A1C00AB73D8 /* Workout_BuilderApp.swift in Sources */ = {isa = PBXBuildFile; fileRef = DB9C25642C6E4A1C00AB73D8 /* Workout_BuilderApp.swift */; };
		DB9C25672C6E4A1C00AB73D8 /* ExerciseList.swift in Sources */ = {isa = PBXBuildFile; fileRef = DB9C25662C6E4A1C00AB73D8 /* ExerciseList.swift */; };
		DB9C256B2C6E4A1E00AB73D8 /* Assets.xcassets in Resources */ = {isa = PBXBuildFile; fileRef = DB9C256A2C6E4A1E00AB73D8 /* Assets.xcassets */; };
		DB9C256E2C6E4A1E00AB73D8 /* Preview Assets.xcassets in Resources */ = {isa = PBXBuildFile; fileRef = DB9C256D2C6E4A1E00AB73D8 /* Preview Assets.xcassets */; };
		DB9C25792C70269A00AB73D8 /* exerciseData.json in Resources */ = {isa = PBXBuildFile; fileRef = DB9C25782C70269A00AB73D8 /* exerciseData.json */; };
		DB9C257B2C70281500AB73D8 /* ExerciseData.swift in Sources */ = {isa = PBXBuildFile; fileRef = DB9C257A2C70281500AB73D8 /* ExerciseData.swift */; };
/* End PBXBuildFile section */

/* Begin PBXFileReference section */
		DB44CE902C754F6900C7E0AC /* Exercise.swift */ = {isa = PBXFileReference; lastKnownFileType = sourcecode.swift; path = Exercise.swift; sourceTree = "<group>"; };
		DB44CE932C75537000C7E0AC /* Workout.swift */ = {isa = PBXFileReference; lastKnownFileType = sourcecode.swift; path = Workout.swift; sourceTree = "<group>"; };
		DB44CE972C763A3B00C7E0AC /* Item.swift */ = {isa = PBXFileReference; lastKnownFileType = sourcecode.swift; path = Item.swift; sourceTree = "<group>"; };
		DB44CE992C763BBE00C7E0AC /* StartPage.swift */ = {isa = PBXFileReference; lastKnownFileType = sourcecode.swift; path = StartPage.swift; sourceTree = "<group>"; };
		DB44CE9B2C822AD700C7E0AC /* workoutsController.swift */ = {isa = PBXFileReference; lastKnownFileType = sourcecode.swift; path = workoutsController.swift; sourceTree = "<group>"; };
		DB44CEA02C89F95C00C7E0AC /* WorkoutDetail.swift */ = {isa = PBXFileReference; lastKnownFileType = sourcecode.swift; path = WorkoutDetail.swift; sourceTree = "<group>"; };
		DB9C25612C6E4A1C00AB73D8 /* Workout Builder.app */ = {isa = PBXFileReference; explicitFileType = wrapper.application; includeInIndex = 0; path = "Workout Builder.app"; sourceTree = BUILT_PRODUCTS_DIR; };
		DB9C25642C6E4A1C00AB73D8 /* Workout_BuilderApp.swift */ = {isa = PBXFileReference; lastKnownFileType = sourcecode.swift; path = Workout_BuilderApp.swift; sourceTree = "<group>"; };
		DB9C25662C6E4A1C00AB73D8 /* ExerciseList.swift */ = {isa = PBXFileReference; lastKnownFileType = sourcecode.swift; path = ExerciseList.swift; sourceTree = "<group>"; };
		DB9C256A2C6E4A1E00AB73D8 /* Assets.xcassets */ = {isa = PBXFileReference; lastKnownFileType = folder.assetcatalog; path = Assets.xcassets; sourceTree = "<group>"; };
		DB9C256D2C6E4A1E00AB73D8 /* Preview Assets.xcassets */ = {isa = PBXFileReference; lastKnownFileType = folder.assetcatalog; path = "Preview Assets.xcassets"; sourceTree = "<group>"; };
		DB9C25782C70269A00AB73D8 /* exerciseData.json */ = {isa = PBXFileReference; lastKnownFileType = text.json; path = exerciseData.json; sourceTree = "<group>"; };
		DB9C257A2C70281500AB73D8 /* ExerciseData.swift */ = {isa = PBXFileReference; lastKnownFileType = sourcecode.swift; path = ExerciseData.swift; sourceTree = "<group>"; };
/* End PBXFileReference section */

/* Begin PBXFrameworksBuildPhase section */
		DB9C255E2C6E4A1C00AB73D8 /* Frameworks */ = {
			isa = PBXFrameworksBuildPhase;
			buildActionMask = 2147483647;
			files = (
			);
			runOnlyForDeploymentPostprocessing = 0;
		};
/* End PBXFrameworksBuildPhase section */

/* Begin PBXGroup section */
		DB44CE922C754F6E00C7E0AC /* Models */ = {
			isa = PBXGroup;
			children = (
				DB44CE902C754F6900C7E0AC /* Exercise.swift */,
				DB44CE932C75537000C7E0AC /* Workout.swift */,
			);
			path = Models;
			sourceTree = "<group>";
		};
		DB44CE9D2C822AEC00C7E0AC /* Controllers */ = {
			isa = PBXGroup;
			children = (
				DB44CE9B2C822AD700C7E0AC /* workoutsController.swift */,
			);
			path = Controllers;
			sourceTree = "<group>";
		};
		DB9C25582C6E4A1C00AB73D8 = {
			isa = PBXGroup;
			children = (
				DB9C25632C6E4A1C00AB73D8 /* Workout Builder */,
				DB9C25622C6E4A1C00AB73D8 /* Products */,
			);
			sourceTree = "<group>";
		};
		DB9C25622C6E4A1C00AB73D8 /* Products */ = {
			isa = PBXGroup;
			children = (
				DB9C25612C6E4A1C00AB73D8 /* Workout Builder.app */,
			);
			name = Products;
			sourceTree = "<group>";
		};
		DB9C25632C6E4A1C00AB73D8 /* Workout Builder */ = {
			isa = PBXGroup;
			children = (
				DB44CE9D2C822AEC00C7E0AC /* Controllers */,
				DB44CE922C754F6E00C7E0AC /* Models */,
				DB9C25642C6E4A1C00AB73D8 /* Workout_BuilderApp.swift */,
				DB9C25782C70269A00AB73D8 /* exerciseData.json */,
				DB9C257A2C70281500AB73D8 /* ExerciseData.swift */,
				DB9C25662C6E4A1C00AB73D8 /* ExerciseList.swift */,
				DB44CE992C763BBE00C7E0AC /* StartPage.swift */,
				DB44CEA02C89F95C00C7E0AC /* WorkoutDetail.swift */,
				DB44CE972C763A3B00C7E0AC /* Item.swift */,
				DB9C256A2C6E4A1E00AB73D8 /* Assets.xcassets */,
				DB9C256C2C6E4A1E00AB73D8 /* Preview Content */,
			);
			path = "Workout Builder";
			sourceTree = "<group>";
		};
		DB9C256C2C6E4A1E00AB73D8 /* Preview Content */ = {
			isa = PBXGroup;
			children = (
				DB9C256D2C6E4A1E00AB73D8 /* Preview Assets.xcassets */,
			);
			path = "Preview Content";
			sourceTree = "<group>";
		};
/* End PBXGroup section */

/* Begin PBXNativeTarget section */
		DB9C25602C6E4A1C00AB73D8 /* Workout Builder */ = {
			isa = PBXNativeTarget;
			buildConfigurationList = DB9C25712C6E4A1E00AB73D8 /* Build configuration list for PBXNativeTarget "Workout Builder" */;
			buildPhases = (
				DB9C255D2C6E4A1C00AB73D8 /* Sources */,
				DB9C255E2C6E4A1C00AB73D8 /* Frameworks */,
				DB9C255F2C6E4A1C00AB73D8 /* Resources */,
			);
			buildRules = (
			);
			dependencies = (
			);
			name = "Workout Builder";
			productName = "Workout Builder";
			productReference = DB9C25612C6E4A1C00AB73D8 /* Workout Builder.app */;
			productType = "com.apple.product-type.application";
		};
/* End PBXNativeTarget section */

/* Begin PBXProject section */
		DB9C25592C6E4A1C00AB73D8 /* Project object */ = {
			isa = PBXProject;
			attributes = {
				BuildIndependentTargetsInParallel = 1;
				LastSwiftUpdateCheck = 1540;
				LastUpgradeCheck = 1540;
				TargetAttributes = {
					DB9C25602C6E4A1C00AB73D8 = {
						CreatedOnToolsVersion = 15.4;
					};
				};
			};
			buildConfigurationList = DB9C255C2C6E4A1C00AB73D8 /* Build configuration list for PBXProject "Workout Builder" */;
			compatibilityVersion = "Xcode 14.0";
			developmentRegion = en;
			hasScannedForEncodings = 0;
			knownRegions = (
				en,
				Base,
			);
			mainGroup = DB9C25582C6E4A1C00AB73D8;
			productRefGroup = DB9C25622C6E4A1C00AB73D8 /* Products */;
			projectDirPath = "";
			projectRoot = "";
			targets = (
				DB9C25602C6E4A1C00AB73D8 /* Workout Builder */,
			);
		};
/* End PBXProject section */

/* Begin PBXResourcesBuildPhase section */
		DB9C255F2C6E4A1C00AB73D8 /* Resources */ = {
			isa = PBXResourcesBuildPhase;
			buildActionMask = 2147483647;
			files = (
				DB9C25792C70269A00AB73D8 /* exerciseData.json in Resources */,
				DB9C256E2C6E4A1E00AB73D8 /* Preview Assets.xcassets in Resources */,
				DB9C256B2C6E4A1E00AB73D8 /* Assets.xcassets in Resources */,
			);
			runOnlyForDeploymentPostprocessing = 0;
		};
/* End PBXResourcesBuildPhase section */

/* Begin PBXSourcesBuildPhase section */
		DB9C255D2C6E4A1C00AB73D8 /* Sources */ = {
			isa = PBXSourcesBuildPhase;
			buildActionMask = 2147483647;
			files = (
				DB9C25672C6E4A1C00AB73D8 /* ExerciseList.swift in Sources */,
				DB44CE912C754F6900C7E0AC /* Exercise.swift in Sources */,
				DB44CE9A2C763BBE00C7E0AC /* StartPage.swift in Sources */,
				DB44CEA12C89F95C00C7E0AC /* WorkoutDetail.swift in Sources */,
				DB9C25652C6E4A1C00AB73D8 /* Workout_BuilderApp.swift in Sources */,
				DB44CE942C75537000C7E0AC /* Workout.swift in Sources */,
				DB44CE9C2C822AD700C7E0AC /* workoutsController.swift in Sources */,
				DB44CE982C763A3B00C7E0AC /* Item.swift in Sources */,
				DB9C257B2C70281500AB73D8 /* ExerciseData.swift in Sources */,
			);
			runOnlyForDeploymentPostprocessing = 0;
		};
/* End PBXSourcesBuildPhase section */

/* Begin XCBuildConfiguration section */
		DB9C256F2C6E4A1E00AB73D8 /* Debug */ = {
			isa = XCBuildConfiguration;
			buildSettings = {
				ALWAYS_SEARCH_USER_PATHS = NO;
				ASSETCATALOG_COMPILER_GENERATE_SWIFT_ASSET_SYMBOL_EXTENSIONS = YES;
				CLANG_ANALYZER_NONNULL = YES;
				CLANG_ANALYZER_NUMBER_OBJECT_CONVERSION = YES_AGGRESSIVE;
				CLANG_CXX_LANGUAGE_STANDARD = "gnu++20";
				CLANG_ENABLE_MODULES = YES;
				CLANG_ENABLE_OBJC_ARC = YES;
				CLANG_ENABLE_OBJC_WEAK = YES;
				CLANG_WARN_BLOCK_CAPTURE_AUTORELEASING = YES;
				CLANG_WARN_BOOL_CONVERSION = YES;
				CLANG_WARN_COMMA = YES;
				CLANG_WARN_CONSTANT_CONVERSION = YES;
				CLANG_WARN_DEPRECATED_OBJC_IMPLEMENTATIONS = YES;
				CLANG_WARN_DIRECT_OBJC_ISA_USAGE = YES_ERROR;
				CLANG_WARN_DOCUMENTATION_COMMENTS = YES;
				CLANG_WARN_EMPTY_BODY = YES;
				CLANG_WARN_ENUM_CONVERSION = YES;
				CLANG_WARN_INFINITE_RECURSION = YES;
				CLANG_WARN_INT_CONVERSION = YES;
				CLANG_WARN_NON_LITERAL_NULL_CONVERSION = YES;
				CLANG_WARN_OBJC_IMPLICIT_RETAIN_SELF = YES;
				CLANG_WARN_OBJC_LITERAL_CONVERSION = YES;
				CLANG_WARN_OBJC_ROOT_CLASS = YES_ERROR;
				CLANG_WARN_QUOTED_INCLUDE_IN_FRAMEWORK_HEADER = YES;
				CLANG_WARN_RANGE_LOOP_ANALYSIS = YES;
				CLANG_WARN_STRICT_PROTOTYPES = YES;
				CLANG_WARN_SUSPICIOUS_MOVE = YES;
				CLANG_WARN_UNGUARDED_AVAILABILITY = YES_AGGRESSIVE;
				CLANG_WARN_UNREACHABLE_CODE = YES;
				CLANG_WARN__DUPLICATE_METHOD_MATCH = YES;
				COPY_PHASE_STRIP = NO;
				DEBUG_INFORMATION_FORMAT = dwarf;
				ENABLE_STRICT_OBJC_MSGSEND = YES;
				ENABLE_TESTABILITY = YES;
				ENABLE_USER_SCRIPT_SANDBOXING = YES;
				GCC_C_LANGUAGE_STANDARD = gnu17;
				GCC_DYNAMIC_NO_PIC = NO;
				GCC_NO_COMMON_BLOCKS = YES;
				GCC_OPTIMIZATION_LEVEL = 0;
				GCC_PREPROCESSOR_DEFINITIONS = (
					"DEBUG=1",
					"$(inherited)",
				);
				GCC_WARN_64_TO_32_BIT_CONVERSION = YES;
				GCC_WARN_ABOUT_RETURN_TYPE = YES_ERROR;
				GCC_WARN_UNDECLARED_SELECTOR = YES;
				GCC_WARN_UNINITIALIZED_AUTOS = YES_AGGRESSIVE;
				GCC_WARN_UNUSED_FUNCTION = YES;
				GCC_WARN_UNUSED_VARIABLE = YES;
				IPHONEOS_DEPLOYMENT_TARGET = 17.5;
				LOCALIZATION_PREFERS_STRING_CATALOGS = YES;
				MTL_ENABLE_DEBUG_INFO = INCLUDE_SOURCE;
				MTL_FAST_MATH = YES;
				ONLY_ACTIVE_ARCH = YES;
				SDKROOT = iphoneos;
				SWIFT_ACTIVE_COMPILATION_CONDITIONS = "DEBUG $(inherited)";
				SWIFT_OPTIMIZATION_LEVEL = "-Onone";
			};
			name = Debug;
		};
		DB9C25702C6E4A1E00AB73D8 /* Release */ = {
			isa = XCBuildConfiguration;
			buildSettings = {
				ALWAYS_SEARCH_USER_PATHS = NO;
				ASSETCATALOG_COMPILER_GENERATE_SWIFT_ASSET_SYMBOL_EXTENSIONS = YES;
				CLANG_ANALYZER_NONNULL = YES;
				CLANG_ANALYZER_NUMBER_OBJECT_CONVERSION = YES_AGGRESSIVE;
				CLANG_CXX_LANGUAGE_STANDARD = "gnu++20";
				CLANG_ENABLE_MODULES = YES;
				CLANG_ENABLE_OBJC_ARC = YES;
				CLANG_ENABLE_OBJC_WEAK = YES;
				CLANG_WARN_BLOCK_CAPTURE_AUTORELEASING = YES;
				CLANG_WARN_BOOL_CONVERSION = YES;
				CLANG_WARN_COMMA = YES;
				CLANG_WARN_CONSTANT_CONVERSION = YES;
				CLANG_WARN_DEPRECATED_OBJC_IMPLEMENTATIONS = YES;
				CLANG_WARN_DIRECT_OBJC_ISA_USAGE = YES_ERROR;
				CLANG_WARN_DOCUMENTATION_COMMENTS = YES;
				CLANG_WARN_EMPTY_BODY = YES;
				CLANG_WARN_ENUM_CONVERSION = YES;
				CLANG_WARN_INFINITE_RECURSION = YES;
				CLANG_WARN_INT_CONVERSION = YES;
				CLANG_WARN_NON_LITERAL_NULL_CONVERSION = YES;
				CLANG_WARN_OBJC_IMPLICIT_RETAIN_SELF = YES;
				CLANG_WARN_OBJC_LITERAL_CONVERSION = YES;
				CLANG_WARN_OBJC_ROOT_CLASS = YES_ERROR;
				CLANG_WARN_QUOTED_INCLUDE_IN_FRAMEWORK_HEADER = YES;
				CLANG_WARN_RANGE_LOOP_ANALYSIS = YES;
				CLANG_WARN_STRICT_PROTOTYPES = YES;
				CLANG_WARN_SUSPICIOUS_MOVE = YES;
				CLANG_WARN_UNGUARDED_AVAILABILITY = YES_AGGRESSIVE;
				CLANG_WARN_UNREACHABLE_CODE = YES;
				CLANG_WARN__DUPLICATE_METHOD_MATCH = YES;
				COPY_PHASE_STRIP = NO;
				DEBUG_INFORMATION_FORMAT = "dwarf-with-dsym";
				ENABLE_NS_ASSERTIONS = NO;
				ENABLE_STRICT_OBJC_MSGSEND = YES;
				ENABLE_USER_SCRIPT_SANDBOXING = YES;
				GCC_C_LANGUAGE_STANDARD = gnu17;
				GCC_NO_COMMON_BLOCKS = YES;
				GCC_WARN_64_TO_32_BIT_CONVERSION = YES;
				GCC_WARN_ABOUT_RETURN_TYPE = YES_ERROR;
				GCC_WARN_UNDECLARED_SELECTOR = YES;
				GCC_WARN_UNINITIALIZED_AUTOS = YES_AGGRESSIVE;
				GCC_WARN_UNUSED_FUNCTION = YES;
				GCC_WARN_UNUSED_VARIABLE = YES;
				IPHONEOS_DEPLOYMENT_TARGET = 17.5;
				LOCALIZATION_PREFERS_STRING_CATALOGS = YES;
				MTL_ENABLE_DEBUG_INFO = NO;
				MTL_FAST_MATH = YES;
				SDKROOT = iphoneos;
				SWIFT_COMPILATION_MODE = wholemodule;
				VALIDATE_PRODUCT = YES;
			};
			name = Release;
		};
		DB9C25722C6E4A1E00AB73D8 /* Debug */ = {
			isa = XCBuildConfiguration;
			buildSettings = {
				ASSETCATALOG_COMPILER_APPICON_NAME = AppIcon;
				ASSETCATALOG_COMPILER_GLOBAL_ACCENT_COLOR_NAME = AccentColor;
				CODE_SIGN_STYLE = Automatic;
				CURRENT_PROJECT_VERSION = 1;
				DEVELOPMENT_ASSET_PATHS = "\"Workout Builder/Preview Content\"";
				DEVELOPMENT_TEAM = ZQ9LR78J46;
				ENABLE_PREVIEWS = YES;
				GENERATE_INFOPLIST_FILE = YES;
				INFOPLIST_KEY_CFBundleDisplayName = "Workout Builder";
				INFOPLIST_KEY_UIApplicationSceneManifest_Generation = YES;
				INFOPLIST_KEY_UIApplicationSupportsIndirectInputEvents = YES;
				INFOPLIST_KEY_UILaunchScreen_Generation = YES;
				INFOPLIST_KEY_UISupportedInterfaceOrientations_iPad = "UIInterfaceOrientationPortrait UIInterfaceOrientationPortraitUpsideDown UIInterfaceOrientationLandscapeLeft UIInterfaceOrientationLandscapeRight";
				INFOPLIST_KEY_UISupportedInterfaceOrientations_iPhone = "UIInterfaceOrientationPortrait UIInterfaceOrientationLandscapeLeft UIInterfaceOrientationLandscapeRight";
				LD_RUNPATH_SEARCH_PATHS = (
					"$(inherited)",
					"@executable_path/Frameworks",
				);
				MARKETING_VERSION = 1.0;
				PRODUCT_BUNDLE_IDENTIFIER = "com.Cesar.Workout-Builder";
				PRODUCT_NAME = "$(TARGET_NAME)";
				SWIFT_EMIT_LOC_STRINGS = YES;
				SWIFT_VERSION = 5.0;
				TARGETED_DEVICE_FAMILY = "1,2";
			};
			name = Debug;
		};
		DB9C25732C6E4A1E00AB73D8 /* Release */ = {
			isa = XCBuildConfiguration;
			buildSettings = {
				ASSETCATALOG_COMPILER_APPICON_NAME = AppIcon;
				ASSETCATALOG_COMPILER_GLOBAL_ACCENT_COLOR_NAME = AccentColor;
				CODE_SIGN_STYLE = Automatic;
				CURRENT_PROJECT_VERSION = 1;
				DEVELOPMENT_ASSET_PATHS = "\"Workout Builder/Preview Content\"";
				DEVELOPMENT_TEAM = ZQ9LR78J46;
				ENABLE_PREVIEWS = YES;
				GENERATE_INFOPLIST_FILE = YES;
				INFOPLIST_KEY_CFBundleDisplayName = "Workout Builder";
				INFOPLIST_KEY_UIApplicationSceneManifest_Generation = YES;
				INFOPLIST_KEY_UIApplicationSupportsIndirectInputEvents = YES;
				INFOPLIST_KEY_UILaunchScreen_Generation = YES;
				INFOPLIST_KEY_UISupportedInterfaceOrientations_iPad = "UIInterfaceOrientationPortrait UIInterfaceOrientationPortraitUpsideDown UIInterfaceOrientationLandscapeLeft UIInterfaceOrientationLandscapeRight";
				INFOPLIST_KEY_UISupportedInterfaceOrientations_iPhone = "UIInterfaceOrientationPortrait UIInterfaceOrientationLandscapeLeft UIInterfaceOrientationLandscapeRight";
				LD_RUNPATH_SEARCH_PATHS = (
					"$(inherited)",
					"@executable_path/Frameworks",
				);
				MARKETING_VERSION = 1.0;
				PRODUCT_BUNDLE_IDENTIFIER = "com.Cesar.Workout-Builder";
				PRODUCT_NAME = "$(TARGET_NAME)";
				SWIFT_EMIT_LOC_STRINGS = YES;
				SWIFT_VERSION = 5.0;
				TARGETED_DEVICE_FAMILY = "1,2";
			};
			name = Release;
		};
/* End XCBuildConfiguration section */

/* Begin XCConfigurationList section */
		DB9C255C2C6E4A1C00AB73D8 /* Build configuration list for PBXProject "Workout Builder" */ = {
			isa = XCConfigurationList;
			buildConfigurations = (
				DB9C256F2C6E4A1E00AB73D8 /* Debug */,
				DB9C25702C6E4A1E00AB73D8 /* Release */,
			);
			defaultConfigurationIsVisible = 0;
			defaultConfigurationName = Release;
		};
		DB9C25712C6E4A1E00AB73D8 /* Build configuration list for PBXNativeTarget "Workout Builder" */ = {
			isa = XCConfigurationList;
			buildConfigurations = (
				DB9C25722C6E4A1E00AB73D8 /* Debug */,
				DB9C25732C6E4A1E00AB73D8 /* Release */,
			);
			defaultConfigurationIsVisible = 0;
			defaultConfigurationName = Release;
		};
/* End XCConfigurationList section */
	};
	rootObject = DB9C25592C6E4A1C00AB73D8 /* Project object */;
}
